
Microsoft Visual Studio Solution File, Format Version 12.00
# Visual Studio 15
VisualStudioVersion = 15.0.28307.438
MinimumVisualStudioVersion = 10.0.40219.1
Project("{FAE04EC0-301F-11D3-BF4B-00C04F79EFBC}") = "VralumGlassWeb", "VralumGlassWeb\VralumGlassWeb.csproj", "{CE954018-EAA9-4701-B1E7-BBA2F5532176}"
EndProject
Global
	GlobalSection(SolutionConfigurationPlatforms) = preSolution
		Debug|Any CPU = Debug|Any CPU
		Release|Any CPU = Release|Any CPU
	EndGlobalSection
	GlobalSection(ProjectConfigurationPlatforms) = postSolution
		{CE954018-EAA9-4701-B1E7-BBA2F5532176}.Debug|Any CPU.ActiveCfg = Debug|Any CPU
		{CE954018-EAA9-4701-B1E7-BBA2F5532176}.Debug|Any CPU.Build.0 = Debug|Any CPU
		{CE954018-EAA9-4701-B1E7-BBA2F5532176}.Release|Any CPU.ActiveCfg = Release|Any CPU
		{CE954018-EAA9-4701-B1E7-BBA2F5532176}.Release|Any CPU.Build.0 = Release|Any CPU
	EndGlobalSection
	GlobalSection(SolutionProperties) = preSolution
		HideSolutionNode = FALSE
	EndGlobalSection
	GlobalSection(ExtensibilityGlobals) = postSolution
		SolutionGuid = {03A1C291-79A9-4524-86DA-CB9846EC6531}
	EndGlobalSection
EndGlobal
